
Microsoft Visual Studio Solution File, Format Version 12.00
# Visual Studio Version 17
VisualStudioVersion = 17.7.34031.279
MinimumVisualStudioVersion = 10.0.40219.1
Project("{FAE04EC0-301F-11D3-BF4B-00C04F79EFBC}") = "SistemasDeTarefas", "SistemasDeTarefas\SistemasDeTarefas.csproj", "{EF2182FF-6300-4878-B3C5-30C346185981}"
EndProject
Global
	GlobalSection(SolutionConfigurationPlatforms) = preSolution
		Debug|Any CPU = Debug|Any CPU
		Release|Any CPU = Release|Any CPU
	EndGlobalSection
	GlobalSection(ProjectConfigurationPlatforms) = postSolution
		{EF2182FF-6300-4878-B3C5-30C346185981}.Debug|Any CPU.ActiveCfg = Debug|Any CPU
		{EF2182FF-6300-4878-B3C5-30C346185981}.Debug|Any CPU.Build.0 = Debug|Any CPU
		{EF2182FF-6300-4878-B3C5-30C346185981}.Release|Any CPU.ActiveCfg = Release|Any CPU
		{EF2182FF-6300-4878-B3C5-30C346185981}.Release|Any CPU.Build.0 = Release|Any CPU
	EndGlobalSection
	GlobalSection(SolutionProperties) = preSolution
		HideSolutionNode = FALSE
	EndGlobalSection
	GlobalSection(ExtensibilityGlobals) = postSolution
		SolutionGuid = {E422DEFB-3F6D-47BF-A01E-9729DA0F2659}
	EndGlobalSection
EndGlobal
